// !$*UTF8*$!
{
	archiveVersion = 1;
	classes = {
	};
	objectVersion = 50;
	objects = {

/* Begin PBXBuildFile section */
		38CFD5A0210E3A5B00A01E35 /* Custom_Buttons.h in Headers */ = {isa = PBXBuildFile; fileRef = 38CFD59E210E3A5B00A01E35 /* Custom_Buttons.h */; settings = {ATTRIBUTES = (Public, ); }; };
		38CFD5B5210E3A7C00A01E35 /* PJPButton.swift in Sources */ = {isa = PBXBuildFile; fileRef = 38CFD5A7210E3A7C00A01E35 /* PJPButton.swift */; };
		38CFD5B6210E3A7C00A01E35 /* GlassyButtonConfig.swift in Sources */ = {isa = PBXBuildFile; fileRef = 38CFD5A9210E3A7C00A01E35 /* GlassyButtonConfig.swift */; };
		38CFD5B7210E3A7C00A01E35 /* PJPAutoWrapButtonCell.swift in Sources */ = {isa = PBXBuildFile; fileRef = 38CFD5AA210E3A7C00A01E35 /* PJPAutoWrapButtonCell.swift */; };
		38CFD5B8210E3A7C00A01E35 /* PJPAutowrapButtonCellCA.swift in Sources */ = {isa = PBXBuildFile; fileRef = 38CFD5AB210E3A7C00A01E35 /* PJPAutowrapButtonCellCA.swift */; };
		38CFD5B9210E3A7C00A01E35 /* PJPButtonConfig.swift in Sources */ = {isa = PBXBuildFile; fileRef = 38CFD5AC210E3A7C00A01E35 /* PJPButtonConfig.swift */; };
		38CFD5BA210E3A7C00A01E35 /* SimpleButtonConfig.swift in Sources */ = {isa = PBXBuildFile; fileRef = 38CFD5AD210E3A7C00A01E35 /* SimpleButtonConfig.swift */; };
		38CFD5BB210E3A7C00A01E35 /* SimpleButtons.swift in Sources */ = {isa = PBXBuildFile; fileRef = 38CFD5AF210E3A7C00A01E35 /* SimpleButtons.swift */; };
		38CFD5BC210E3A7C00A01E35 /* ButtonText.swift in Sources */ = {isa = PBXBuildFile; fileRef = 38CFD5B0210E3A7C00A01E35 /* ButtonText.swift */; };
		38CFD5BD210E3A7C00A01E35 /* MetallicButtons.swift in Sources */ = {isa = PBXBuildFile; fileRef = 38CFD5B1210E3A7C00A01E35 /* MetallicButtons.swift */; };
		38CFD5BE210E3A7C00A01E35 /* GlassyButtons.swift in Sources */ = {isa = PBXBuildFile; fileRef = 38CFD5B2210E3A7C00A01E35 /* GlassyButtons.swift */; };
		38CFD5BF210E3A7C00A01E35 /* ToggleButtons.swift in Sources */ = {isa = PBXBuildFile; fileRef = 38CFD5B3210E3A7C00A01E35 /* ToggleButtons.swift */; };
		38CFD5C0210E3A7C00A01E35 /* ToggleButtonConfig.swift in Sources */ = {isa = PBXBuildFile; fileRef = 38CFD5B4210E3A7C00A01E35 /* ToggleButtonConfig.swift */; };
/* End PBXBuildFile section */

/* Begin PBXFileReference section */
		38CFD59B210E3A5B00A01E35 /* Custom_Buttons.framework */ = {isa = PBXFileReference; explicitFileType = wrapper.framework; includeInIndex = 0; path = Custom_Buttons.framework; sourceTree = BUILT_PRODUCTS_DIR; };
		38CFD59E210E3A5B00A01E35 /* Custom_Buttons.h */ = {isa = PBXFileReference; lastKnownFileType = sourcecode.c.h; path = Custom_Buttons.h; sourceTree = "<group>"; };
		38CFD59F210E3A5B00A01E35 /* Info.plist */ = {isa = PBXFileReference; lastKnownFileType = text.plist.xml; path = Info.plist; sourceTree = "<group>"; };
		38CFD5A7210E3A7C00A01E35 /* PJPButton.swift */ = {isa = PBXFileReference; fileEncoding = 4; lastKnownFileType = sourcecode.swift; path = PJPButton.swift; sourceTree = "<group>"; };
		38CFD5A9210E3A7C00A01E35 /* GlassyButtonConfig.swift */ = {isa = PBXFileReference; fileEncoding = 4; lastKnownFileType = sourcecode.swift; path = GlassyButtonConfig.swift; sourceTree = "<group>"; };
		38CFD5AA210E3A7C00A01E35 /* PJPAutoWrapButtonCell.swift */ = {isa = PBXFileReference; fileEncoding = 4; lastKnownFileType = sourcecode.swift; path = PJPAutoWrapButtonCell.swift; sourceTree = "<group>"; };
		38CFD5AB210E3A7C00A01E35 /* PJPAutowrapButtonCellCA.swift */ = {isa = PBXFileReference; fileEncoding = 4; lastKnownFileType = sourcecode.swift; path = PJPAutowrapButtonCellCA.swift; sourceTree = "<group>"; };
		38CFD5AC210E3A7C00A01E35 /* PJPButtonConfig.swift */ = {isa = PBXFileReference; fileEncoding = 4; lastKnownFileType = sourcecode.swift; path = PJPButtonConfig.swift; sourceTree = "<group>"; };
		38CFD5AD210E3A7C00A01E35 /* SimpleButtonConfig.swift */ = {isa = PBXFileReference; fileEncoding = 4; lastKnownFileType = sourcecode.swift; path = SimpleButtonConfig.swift; sourceTree = "<group>"; };
		38CFD5AF210E3A7C00A01E35 /* SimpleButtons.swift */ = {isa = PBXFileReference; fileEncoding = 4; lastKnownFileType = sourcecode.swift; path = SimpleButtons.swift; sourceTree = "<group>"; };
		38CFD5B0210E3A7C00A01E35 /* ButtonText.swift */ = {isa = PBXFileReference; fileEncoding = 4; lastKnownFileType = sourcecode.swift; path = ButtonText.swift; sourceTree = "<group>"; };
		38CFD5B1210E3A7C00A01E35 /* MetallicButtons.swift */ = {isa = PBXFileReference; fileEncoding = 4; lastKnownFileType = sourcecode.swift; path = MetallicButtons.swift; sourceTree = "<group>"; };
		38CFD5B2210E3A7C00A01E35 /* GlassyButtons.swift */ = {isa = PBXFileReference; fileEncoding = 4; lastKnownFileType = sourcecode.swift; path = GlassyButtons.swift; sourceTree = "<group>"; };
		38CFD5B3210E3A7C00A01E35 /* ToggleButtons.swift */ = {isa = PBXFileReference; fileEncoding = 4; lastKnownFileType = sourcecode.swift; path = ToggleButtons.swift; sourceTree = "<group>"; };
		38CFD5B4210E3A7C00A01E35 /* ToggleButtonConfig.swift */ = {isa = PBXFileReference; fileEncoding = 4; lastKnownFileType = sourcecode.swift; path = ToggleButtonConfig.swift; sourceTree = "<group>"; };
/* End PBXFileReference section */

/* Begin PBXFrameworksBuildPhase section */
		38CFD598210E3A5B00A01E35 /* Frameworks */ = {
			isa = PBXFrameworksBuildPhase;
			buildActionMask = 2147483647;
			files = (
			);
			runOnlyForDeploymentPostprocessing = 0;
		};
/* End PBXFrameworksBuildPhase section */

/* Begin PBXGroup section */
		38CFD591210E3A5B00A01E35 = {
			isa = PBXGroup;
			children = (
				38CFD5A6210E3A7C00A01E35 /* PJPButton */,
				38CFD59D210E3A5B00A01E35 /* Custom Buttons */,
				38CFD59C210E3A5B00A01E35 /* Products */,
			);
			sourceTree = "<group>";
		};
		38CFD59C210E3A5B00A01E35 /* Products */ = {
			isa = PBXGroup;
			children = (
				38CFD59B210E3A5B00A01E35 /* Custom_Buttons.framework */,
			);
			name = Products;
			sourceTree = "<group>";
		};
		38CFD59D210E3A5B00A01E35 /* Custom Buttons */ = {
			isa = PBXGroup;
			children = (
				38CFD59E210E3A5B00A01E35 /* Custom_Buttons.h */,
				38CFD59F210E3A5B00A01E35 /* Info.plist */,
			);
			path = "Custom Buttons";
			sourceTree = "<group>";
		};
		38CFD5A6210E3A7C00A01E35 /* PJPButton */ = {
			isa = PBXGroup;
			children = (
				38CFD5A7210E3A7C00A01E35 /* PJPButton.swift */,
				38CFD5A8210E3A7C00A01E35 /* PJPAutoWrapButtonCell */,
			);
			path = PJPButton;
			sourceTree = "<group>";
		};
		38CFD5A8210E3A7C00A01E35 /* PJPAutoWrapButtonCell */ = {
			isa = PBXGroup;
			children = (
				38CFD5A9210E3A7C00A01E35 /* GlassyButtonConfig.swift */,
				38CFD5AA210E3A7C00A01E35 /* PJPAutoWrapButtonCell.swift */,
				38CFD5AB210E3A7C00A01E35 /* PJPAutowrapButtonCellCA.swift */,
				38CFD5AC210E3A7C00A01E35 /* PJPButtonConfig.swift */,
				38CFD5AD210E3A7C00A01E35 /* SimpleButtonConfig.swift */,
				38CFD5AE210E3A7C00A01E35 /* Button Types */,
				38CFD5B4210E3A7C00A01E35 /* ToggleButtonConfig.swift */,
			);
			path = PJPAutoWrapButtonCell;
			sourceTree = "<group>";
		};
		38CFD5AE210E3A7C00A01E35 /* Button Types */ = {
			isa = PBXGroup;
			children = (
				38CFD5AF210E3A7C00A01E35 /* SimpleButtons.swift */,
				38CFD5B0210E3A7C00A01E35 /* ButtonText.swift */,
				38CFD5B1210E3A7C00A01E35 /* MetallicButtons.swift */,
				38CFD5B2210E3A7C00A01E35 /* GlassyButtons.swift */,
				38CFD5B3210E3A7C00A01E35 /* ToggleButtons.swift */,
			);
			path = "Button Types";
			sourceTree = "<group>";
		};
/* End PBXGroup section */

/* Begin PBXHeadersBuildPhase section */
		38CFD596210E3A5B00A01E35 /* Headers */ = {
			isa = PBXHeadersBuildPhase;
			buildActionMask = 2147483647;
			files = (
				38CFD5A0210E3A5B00A01E35 /* Custom_Buttons.h in Headers */,
			);
			runOnlyForDeploymentPostprocessing = 0;
		};
/* End PBXHeadersBuildPhase section */

/* Begin PBXNativeTarget section */
		38CFD59A210E3A5B00A01E35 /* Custom Buttons */ = {
			isa = PBXNativeTarget;
			buildConfigurationList = 38CFD5A3210E3A5B00A01E35 /* Build configuration list for PBXNativeTarget "Custom Buttons" */;
			buildPhases = (
				38CFD596210E3A5B00A01E35 /* Headers */,
				38CFD597210E3A5B00A01E35 /* Sources */,
				38CFD598210E3A5B00A01E35 /* Frameworks */,
				38CFD599210E3A5B00A01E35 /* Resources */,
			);
			buildRules = (
			);
			dependencies = (
			);
			name = "Custom Buttons";
			productName = "Custom Buttons";
			productReference = 38CFD59B210E3A5B00A01E35 /* Custom_Buttons.framework */;
			productType = "com.apple.product-type.framework";
		};
/* End PBXNativeTarget section */

/* Begin PBXProject section */
		38CFD592210E3A5B00A01E35 /* Project object */ = {
			isa = PBXProject;
			attributes = {
				LastUpgradeCheck = 1000;
				ORGANIZATIONNAME = "Philip Powell";
				TargetAttributes = {
					38CFD59A210E3A5B00A01E35 = {
						CreatedOnToolsVersion = 10.0;
					};
				};
			};
			buildConfigurationList = 38CFD595210E3A5B00A01E35 /* Build configuration list for PBXProject "Custom Buttons" */;
			compatibilityVersion = "Xcode 9.3";
			developmentRegion = en;
			hasScannedForEncodings = 0;
			knownRegions = (
				en,
			);
			mainGroup = 38CFD591210E3A5B00A01E35;
			productRefGroup = 38CFD59C210E3A5B00A01E35 /* Products */;
			projectDirPath = "";
			projectRoot = "";
			targets = (
				38CFD59A210E3A5B00A01E35 /* Custom Buttons */,
			);
		};
/* End PBXProject section */

/* Begin PBXResourcesBuildPhase section */
		38CFD599210E3A5B00A01E35 /* Resources */ = {
			isa = PBXResourcesBuildPhase;
			buildActionMask = 2147483647;
			files = (
			);
			runOnlyForDeploymentPostprocessing = 0;
		};
/* End PBXResourcesBuildPhase section */

/* Begin PBXSourcesBuildPhase section */
		38CFD597210E3A5B00A01E35 /* Sources */ = {
			isa = PBXSourcesBuildPhase;
			buildActionMask = 2147483647;
			files = (
				38CFD5BB210E3A7C00A01E35 /* SimpleButtons.swift in Sources */,
				38CFD5B6210E3A7C00A01E35 /* GlassyButtonConfig.swift in Sources */,
				38CFD5BE210E3A7C00A01E35 /* GlassyButtons.swift in Sources */,
				38CFD5B9210E3A7C00A01E35 /* PJPButtonConfig.swift in Sources */,
				38CFD5BF210E3A7C00A01E35 /* ToggleButtons.swift in Sources */,
				38CFD5B8210E3A7C00A01E35 /* PJPAutowrapButtonCellCA.swift in Sources */,
				38CFD5BC210E3A7C00A01E35 /* ButtonText.swift in Sources */,
				38CFD5C0210E3A7C00A01E35 /* ToggleButtonConfig.swift in Sources */,
				38CFD5BD210E3A7C00A01E35 /* MetallicButtons.swift in Sources */,
				38CFD5BA210E3A7C00A01E35 /* SimpleButtonConfig.swift in Sources */,
				38CFD5B5210E3A7C00A01E35 /* PJPButton.swift in Sources */,
				38CFD5B7210E3A7C00A01E35 /* PJPAutoWrapButtonCell.swift in Sources */,
			);
			runOnlyForDeploymentPostprocessing = 0;
		};
/* End PBXSourcesBuildPhase section */

/* Begin XCBuildConfiguration section */
		38CFD5A1210E3A5B00A01E35 /* Debug */ = {
			isa = XCBuildConfiguration;
			buildSettings = {
				ALWAYS_SEARCH_USER_PATHS = NO;
				CLANG_ANALYZER_NONNULL = YES;
				CLANG_ANALYZER_NUMBER_OBJECT_CONVERSION = YES_AGGRESSIVE;
				CLANG_CXX_LANGUAGE_STANDARD = "gnu++14";
				CLANG_CXX_LIBRARY = "libc++";
				CLANG_ENABLE_MODULES = YES;
				CLANG_ENABLE_OBJC_ARC = YES;
				CLANG_ENABLE_OBJC_WEAK = YES;
				CLANG_WARN_BLOCK_CAPTURE_AUTORELEASING = YES;
				CLANG_WARN_BOOL_CONVERSION = YES;
				CLANG_WARN_COMMA = YES;
				CLANG_WARN_CONSTANT_CONVERSION = YES;
				CLANG_WARN_DEPRECATED_OBJC_IMPLEMENTATIONS = YES;
				CLANG_WARN_DIRECT_OBJC_ISA_USAGE = YES_ERROR;
				CLANG_WARN_DOCUMENTATION_COMMENTS = YES;
				CLANG_WARN_EMPTY_BODY = YES;
				CLANG_WARN_ENUM_CONVERSION = YES;
				CLANG_WARN_INFINITE_RECURSION = YES;
				CLANG_WARN_INT_CONVERSION = YES;
				CLANG_WARN_NON_LITERAL_NULL_CONVERSION = YES;
				CLANG_WARN_OBJC_IMPLICIT_RETAIN_SELF = YES;
				CLANG_WARN_OBJC_LITERAL_CONVERSION = YES;
				CLANG_WARN_OBJC_ROOT_CLASS = YES_ERROR;
				CLANG_WARN_RANGE_LOOP_ANALYSIS = YES;
				CLANG_WARN_STRICT_PROTOTYPES = YES;
				CLANG_WARN_SUSPICIOUS_MOVE = YES;
				CLANG_WARN_UNGUARDED_AVAILABILITY = YES_AGGRESSIVE;
				CLANG_WARN_UNREACHABLE_CODE = YES;
				CLANG_WARN__DUPLICATE_METHOD_MATCH = YES;
				CODE_SIGN_IDENTITY = "-";
				COPY_PHASE_STRIP = NO;
				CURRENT_PROJECT_VERSION = 1;
				DEBUG_INFORMATION_FORMAT = dwarf;
				ENABLE_STRICT_OBJC_MSGSEND = YES;
				ENABLE_TESTABILITY = YES;
				GCC_C_LANGUAGE_STANDARD = gnu11;
				GCC_DYNAMIC_NO_PIC = NO;
				GCC_NO_COMMON_BLOCKS = YES;
				GCC_OPTIMIZATION_LEVEL = 0;
				GCC_PREPROCESSOR_DEFINITIONS = (
					"DEBUG=1",
					"$(inherited)",
				);
				GCC_WARN_64_TO_32_BIT_CONVERSION = YES;
				GCC_WARN_ABOUT_RETURN_TYPE = YES_ERROR;
				GCC_WARN_UNDECLARED_SELECTOR = YES;
				GCC_WARN_UNINITIALIZED_AUTOS = YES_AGGRESSIVE;
				GCC_WARN_UNUSED_FUNCTION = YES;
				GCC_WARN_UNUSED_VARIABLE = YES;
				MACOSX_DEPLOYMENT_TARGET = 10.13;
				MTL_ENABLE_DEBUG_INFO = INCLUDE_SOURCE;
				ONLY_ACTIVE_ARCH = YES;
				SDKROOT = macosx;
				SWIFT_ACTIVE_COMPILATION_CONDITIONS = DEBUG;
				SWIFT_OPTIMIZATION_LEVEL = "-Onone";
				VERSIONING_SYSTEM = "apple-generic";
				VERSION_INFO_PREFIX = "";
			};
			name = Debug;
		};
		38CFD5A2210E3A5B00A01E35 /* Release */ = {
			isa = XCBuildConfiguration;
			buildSettings = {
				ALWAYS_SEARCH_USER_PATHS = NO;
				CLANG_ANALYZER_NONNULL = YES;
				CLANG_ANALYZER_NUMBER_OBJECT_CONVERSION = YES_AGGRESSIVE;
				CLANG_CXX_LANGUAGE_STANDARD = "gnu++14";
				CLANG_CXX_LIBRARY = "libc++";
				CLANG_ENABLE_MODULES = YES;
				CLANG_ENABLE_OBJC_ARC = YES;
				CLANG_ENABLE_OBJC_WEAK = YES;
				CLANG_WARN_BLOCK_CAPTURE_AUTORELEASING = YES;
				CLANG_WARN_BOOL_CONVERSION = YES;
				CLANG_WARN_COMMA = YES;
				CLANG_WARN_CONSTANT_CONVERSION = YES;
				CLANG_WARN_DEPRECATED_OBJC_IMPLEMENTATIONS = YES;
				CLANG_WARN_DIRECT_OBJC_ISA_USAGE = YES_ERROR;
				CLANG_WARN_DOCUMENTATION_COMMENTS = YES;
				CLANG_WARN_EMPTY_BODY = YES;
				CLANG_WARN_ENUM_CONVERSION = YES;
				CLANG_WARN_INFINITE_RECURSION = YES;
				CLANG_WARN_INT_CONVERSION = YES;
				CLANG_WARN_NON_LITERAL_NULL_CONVERSION = YES;
				CLANG_WARN_OBJC_IMPLICIT_RETAIN_SELF = YES;
				CLANG_WARN_OBJC_LITERAL_CONVERSION = YES;
				CLANG_WARN_OBJC_ROOT_CLASS = YES_ERROR;
				CLANG_WARN_RANGE_LOOP_ANALYSIS = YES;
				CLANG_WARN_STRICT_PROTOTYPES = YES;
				CLANG_WARN_SUSPICIOUS_MOVE = YES;
				CLANG_WARN_UNGUARDED_AVAILABILITY = YES_AGGRESSIVE;
				CLANG_WARN_UNREACHABLE_CODE = YES;
				CLANG_WARN__DUPLICATE_METHOD_MATCH = YES;
				CODE_SIGN_IDENTITY = "-";
				COPY_PHASE_STRIP = NO;
				CURRENT_PROJECT_VERSION = 1;
				DEBUG_INFORMATION_FORMAT = "dwarf-with-dsym";
				ENABLE_NS_ASSERTIONS = NO;
				ENABLE_STRICT_OBJC_MSGSEND = YES;
				GCC_C_LANGUAGE_STANDARD = gnu11;
				GCC_NO_COMMON_BLOCKS = YES;
				GCC_WARN_64_TO_32_BIT_CONVERSION = YES;
				GCC_WARN_ABOUT_RETURN_TYPE = YES_ERROR;
				GCC_WARN_UNDECLARED_SELECTOR = YES;
				GCC_WARN_UNINITIALIZED_AUTOS = YES_AGGRESSIVE;
				GCC_WARN_UNUSED_FUNCTION = YES;
				GCC_WARN_UNUSED_VARIABLE = YES;
				MACOSX_DEPLOYMENT_TARGET = 10.13;
				MTL_ENABLE_DEBUG_INFO = NO;
				SDKROOT = macosx;
				SWIFT_COMPILATION_MODE = wholemodule;
				SWIFT_OPTIMIZATION_LEVEL = "-O";
				VERSIONING_SYSTEM = "apple-generic";
				VERSION_INFO_PREFIX = "";
			};
			name = Release;
		};
		38CFD5A4210E3A5B00A01E35 /* Debug */ = {
			isa = XCBuildConfiguration;
			buildSettings = {
				CODE_SIGN_IDENTITY = "Mac Developer";
				CODE_SIGN_STYLE = Automatic;
				COMBINE_HIDPI_IMAGES = YES;
				DEFINES_MODULE = YES;
				DEVELOPMENT_TEAM = 5VYJ7F254M;
				DYLIB_COMPATIBILITY_VERSION = 1;
				DYLIB_CURRENT_VERSION = 1;
				DYLIB_INSTALL_NAME_BASE = "@rpath";
				FRAMEWORK_VERSION = A;
				INFOPLIST_FILE = "Custom Buttons/Info.plist";
				INSTALL_PATH = "$(LOCAL_LIBRARY_DIR)/Frameworks";
				LD_RUNPATH_SEARCH_PATHS = (
					"$(inherited)",
					"@executable_path/../Frameworks",
					"@loader_path/Frameworks",
				);
				PRODUCT_BUNDLE_IDENTIFIER = "PJP.Custom-Buttons";
				PRODUCT_NAME = "$(TARGET_NAME:c99extidentifier)";
				SKIP_INSTALL = YES;
				SWIFT_VERSION = 4.2;
			};
			name = Debug;
		};
		38CFD5A5210E3A5B00A01E35 /* Release */ = {
			isa = XCBuildConfiguration;
			buildSettings = {
				CODE_SIGN_IDENTITY = "";
				CODE_SIGN_STYLE = Automatic;
				COMBINE_HIDPI_IMAGES = YES;
				DEFINES_MODULE = YES;
				DEVELOPMENT_TEAM = 5VYJ7F254M;
				DYLIB_COMPATIBILITY_VERSION = 1;
				DYLIB_CURRENT_VERSION = 1;
				DYLIB_INSTALL_NAME_BASE = "@rpath";
				FRAMEWORK_VERSION = A;
				INFOPLIST_FILE = "Custom Buttons/Info.plist";
				INSTALL_PATH = "$(LOCAL_LIBRARY_DIR)/Frameworks";
				LD_RUNPATH_SEARCH_PATHS = (
					"$(inherited)",
					"@executable_path/../Frameworks",
					"@loader_path/Frameworks",
				);
				PRODUCT_BUNDLE_IDENTIFIER = "PJP.Custom-Buttons";
				PRODUCT_NAME = "$(TARGET_NAME:c99extidentifier)";
				SKIP_INSTALL = YES;
				SWIFT_VERSION = 4.2;
			};
			name = Release;
		};
/* End XCBuildConfiguration section */

/* Begin XCConfigurationList section */
		38CFD595210E3A5B00A01E35 /* Build configuration list for PBXProject "Custom Buttons" */ = {
			isa = XCConfigurationList;
			buildConfigurations = (
				38CFD5A1210E3A5B00A01E35 /* Debug */,
				38CFD5A2210E3A5B00A01E35 /* Release */,
			);
			defaultConfigurationIsVisible = 0;
			defaultConfigurationName = Release;
		};
		38CFD5A3210E3A5B00A01E35 /* Build configuration list for PBXNativeTarget "Custom Buttons" */ = {
			isa = XCConfigurationList;
			buildConfigurations = (
				38CFD5A4210E3A5B00A01E35 /* Debug */,
				38CFD5A5210E3A5B00A01E35 /* Release */,
			);
			defaultConfigurationIsVisible = 0;
			defaultConfigurationName = Release;
		};
/* End XCConfigurationList section */
	};
	rootObject = 38CFD592210E3A5B00A01E35 /* Project object */;
}
